// !$*UTF8*$!
{
	archiveVersion = 1;
	classes = {
	};
	objectVersion = 46;
	objects = {

/* Begin PBXBuildFile section */
		2997194A1C94068E00A897E0 /* LaunchChatFromSimpleViewController.m in Sources */ = {isa = PBXBuildFile; fileRef = 299719481C94068E00A897E0 /* LaunchChatFromSimpleViewController.m */; };
		6D4F28CB1BC58F6C007E7B35 /* Main.storyboard in Resources */ = {isa = PBXBuildFile; fileRef = 6D4F28B01BC554D8007E7B35 /* Main.storyboard */; };
		6D4F28CF1BC6429F007E7B35 /* ApplozicLoginViewController.m in Sources */ = {isa = PBXBuildFile; fileRef = 6D4F28CE1BC6429F007E7B35 /* ApplozicLoginViewController.m */; };
		6D6DF1F61BC551FA00EBA00F /* main.m in Sources */ = {isa = PBXBuildFile; fileRef = 6D6DF1F51BC551FA00EBA00F /* main.m */; };
		6D6DF1F91BC551FA00EBA00F /* AppDelegate.m in Sources */ = {isa = PBXBuildFile; fileRef = 6D6DF1F81BC551FA00EBA00F /* AppDelegate.m */; };
		6D6DF1FC1BC551FA00EBA00F /* ViewController.m in Sources */ = {isa = PBXBuildFile; fileRef = 6D6DF1FB1BC551FA00EBA00F /* ViewController.m */; };
		6D6DF2021BC551FA00EBA00F /* applozicdemo.xcdatamodeld in Sources */ = {isa = PBXBuildFile; fileRef = 6D6DF2001BC551FA00EBA00F /* applozicdemo.xcdatamodeld */; };
		6D6DF2041BC551FA00EBA00F /* Assets.xcassets in Resources */ = {isa = PBXBuildFile; fileRef = 6D6DF2031BC551FA00EBA00F /* Assets.xcassets */; };
		6D6DF2071BC551FA00EBA00F /* LaunchScreen.storyboard in Resources */ = {isa = PBXBuildFile; fileRef = 6D6DF2051BC551FA00EBA00F /* LaunchScreen.storyboard */; };
		6D9111671D537BB300F77831 /* Applozic.framework in Frameworks */ = {isa = PBXBuildFile; fileRef = 6D9111661D537BB300F77831 /* Applozic.framework */; };
		6D9111681D537BB300F77831 /* Applozic.framework in Embed Frameworks */ = {isa = PBXBuildFile; fileRef = 6D9111661D537BB300F77831 /* Applozic.framework */; settings = {ATTRIBUTES = (CodeSignOnCopy, RemoveHeadersOnCopy, ); }; };
		6DB445151C2C04D200C64524 /* Info.plist in Resources */ = {isa = PBXBuildFile; fileRef = 6DB445141C2C04D200C64524 /* Info.plist */; };
		6DB75B091C32CD9100077658 /* ALChatManager.m in Sources */ = {isa = PBXBuildFile; fileRef = 6DB75B081C32CD9100077658 /* ALChatManager.m */; };
/* End PBXBuildFile section */

/* Begin PBXCopyFilesBuildPhase section */
		6D46B6C21BCE4C8F0014A5D3 /* Embed Frameworks */ = {
			isa = PBXCopyFilesBuildPhase;
			buildActionMask = 2147483647;
			dstPath = "";
			dstSubfolderSpec = 10;
			files = (
				6D9111681D537BB300F77831 /* Applozic.framework in Embed Frameworks */,
			);
			name = "Embed Frameworks";
			runOnlyForDeploymentPostprocessing = 0;
		};
/* End PBXCopyFilesBuildPhase section */

/* Begin PBXFileReference section */
		299719481C94068E00A897E0 /* LaunchChatFromSimpleViewController.m */ = {isa = PBXFileReference; fileEncoding = 4; lastKnownFileType = sourcecode.c.objc; path = LaunchChatFromSimpleViewController.m; sourceTree = "<group>"; };
		299719491C94068E00A897E0 /* LaunchChatFromSimpleViewController.h */ = {isa = PBXFileReference; fileEncoding = 4; lastKnownFileType = sourcecode.c.h; path = LaunchChatFromSimpleViewController.h; sourceTree = "<group>"; };
		6D4F28B01BC554D8007E7B35 /* Main.storyboard */ = {isa = PBXFileReference; fileEncoding = 4; lastKnownFileType = file.storyboard; path = Main.storyboard; sourceTree = "<group>"; };
		6D4F28CD1BC6429F007E7B35 /* ApplozicLoginViewController.h */ = {isa = PBXFileReference; fileEncoding = 4; lastKnownFileType = sourcecode.c.h; path = ApplozicLoginViewController.h; sourceTree = "<group>"; };
		6D4F28CE1BC6429F007E7B35 /* ApplozicLoginViewController.m */ = {isa = PBXFileReference; fileEncoding = 4; lastKnownFileType = sourcecode.c.objc; path = ApplozicLoginViewController.m; sourceTree = "<group>"; };
		6D6DF1F11BC551FA00EBA00F /* applozicsample.app */ = {isa = PBXFileReference; explicitFileType = wrapper.application; includeInIndex = 0; path = applozicsample.app; sourceTree = BUILT_PRODUCTS_DIR; };
		6D6DF1F51BC551FA00EBA00F /* main.m */ = {isa = PBXFileReference; lastKnownFileType = sourcecode.c.objc; path = main.m; sourceTree = "<group>"; };
		6D6DF1F71BC551FA00EBA00F /* AppDelegate.h */ = {isa = PBXFileReference; lastKnownFileType = sourcecode.c.h; path = AppDelegate.h; sourceTree = "<group>"; };
		6D6DF1F81BC551FA00EBA00F /* AppDelegate.m */ = {isa = PBXFileReference; lastKnownFileType = sourcecode.c.objc; path = AppDelegate.m; sourceTree = "<group>"; };
		6D6DF1FA1BC551FA00EBA00F /* ViewController.h */ = {isa = PBXFileReference; lastKnownFileType = sourcecode.c.h; path = ViewController.h; sourceTree = "<group>"; };
		6D6DF1FB1BC551FA00EBA00F /* ViewController.m */ = {isa = PBXFileReference; lastKnownFileType = sourcecode.c.objc; path = ViewController.m; sourceTree = "<group>"; };
		6D6DF2011BC551FA00EBA00F /* applozicdemo.xcdatamodel */ = {isa = PBXFileReference; lastKnownFileType = wrapper.xcdatamodel; path = applozicdemo.xcdatamodel; sourceTree = "<group>"; };
		6D6DF2031BC551FA00EBA00F /* Assets.xcassets */ = {isa = PBXFileReference; lastKnownFileType = folder.assetcatalog; path = Assets.xcassets; sourceTree = "<group>"; };
		6D6DF2061BC551FA00EBA00F /* Base */ = {isa = PBXFileReference; lastKnownFileType = file.storyboard; name = Base; path = Base.lproj/LaunchScreen.storyboard; sourceTree = "<group>"; };
		6D6DF2081BC551FA00EBA00F /* Info.plist */ = {isa = PBXFileReference; lastKnownFileType = text.plist.xml; path = Info.plist; sourceTree = "<group>"; };
		6D9111661D537BB300F77831 /* Applozic.framework */ = {isa = PBXFileReference; lastKnownFileType = wrapper.framework; path = Applozic.framework; sourceTree = "<group>"; };
		6DB445141C2C04D200C64524 /* Info.plist */ = {isa = PBXFileReference; fileEncoding = 4; lastKnownFileType = text.plist.xml; path = Info.plist; sourceTree = "<group>"; };
		6DB75B071C32CD9100077658 /* ALChatManager.h */ = {isa = PBXFileReference; fileEncoding = 4; lastKnownFileType = sourcecode.c.h; path = ALChatManager.h; sourceTree = "<group>"; };
		6DB75B081C32CD9100077658 /* ALChatManager.m */ = {isa = PBXFileReference; fileEncoding = 4; lastKnownFileType = sourcecode.c.objc; path = ALChatManager.m; sourceTree = "<group>"; };
/* End PBXFileReference section */

/* Begin PBXFrameworksBuildPhase section */
		6D6DF1EE1BC551FA00EBA00F /* Frameworks */ = {
			isa = PBXFrameworksBuildPhase;
			buildActionMask = 2147483647;
			files = (
				6D9111671D537BB300F77831 /* Applozic.framework in Frameworks */,
			);
			runOnlyForDeploymentPostprocessing = 0;
		};
/* End PBXFrameworksBuildPhase section */

/* Begin PBXGroup section */
		6D4F28B21BC55670007E7B35 /* useraccount */ = {
			isa = PBXGroup;
			children = (
				6D4F28CD1BC6429F007E7B35 /* ApplozicLoginViewController.h */,
				6D4F28CE1BC6429F007E7B35 /* ApplozicLoginViewController.m */,
			);
			name = useraccount;
			sourceTree = "<group>";
		};
		6D6DF1E81BC551FA00EBA00F = {
			isa = PBXGroup;
			children = (
				6D9111661D537BB300F77831 /* Applozic.framework */,
				6D6DF1F31BC551FA00EBA00F /* applozicdemo */,
				6D6DF1F21BC551FA00EBA00F /* Products */,
			);
			sourceTree = "<group>";
		};
		6D6DF1F21BC551FA00EBA00F /* Products */ = {
			isa = PBXGroup;
			children = (
				6D6DF1F11BC551FA00EBA00F /* applozicsample.app */,
			);
			name = Products;
			sourceTree = "<group>";
		};
		6D6DF1F31BC551FA00EBA00F /* applozicdemo */ = {
			isa = PBXGroup;
			children = (
				6DB75B061C32CD4B00077658 /* chat */,
				6D4F28B21BC55670007E7B35 /* useraccount */,
				6D6DF1F71BC551FA00EBA00F /* AppDelegate.h */,
				6D6DF1F81BC551FA00EBA00F /* AppDelegate.m */,
				6D6DF1FA1BC551FA00EBA00F /* ViewController.h */,
				6D6DF1FB1BC551FA00EBA00F /* ViewController.m */,
				6D4F28B01BC554D8007E7B35 /* Main.storyboard */,
				6D6DF2031BC551FA00EBA00F /* Assets.xcassets */,
				6D6DF2051BC551FA00EBA00F /* LaunchScreen.storyboard */,
				6D6DF2081BC551FA00EBA00F /* Info.plist */,
				6DB445141C2C04D200C64524 /* Info.plist */,
				6D6DF2001BC551FA00EBA00F /* applozicdemo.xcdatamodeld */,
				6D6DF1F41BC551FA00EBA00F /* Supporting Files */,
			);
			path = applozicdemo;
			sourceTree = "<group>";
		};
		6D6DF1F41BC551FA00EBA00F /* Supporting Files */ = {
			isa = PBXGroup;
			children = (
				6D6DF1F51BC551FA00EBA00F /* main.m */,
			);
			name = "Supporting Files";
			sourceTree = "<group>";
		};
		6DB75B061C32CD4B00077658 /* chat */ = {
			isa = PBXGroup;
			children = (
				299719481C94068E00A897E0 /* LaunchChatFromSimpleViewController.m */,
				299719491C94068E00A897E0 /* LaunchChatFromSimpleViewController.h */,
				6DB75B071C32CD9100077658 /* ALChatManager.h */,
				6DB75B081C32CD9100077658 /* ALChatManager.m */,
			);
			name = chat;
			sourceTree = "<group>";
		};
/* End PBXGroup section */

/* Begin PBXNativeTarget section */
		6D6DF1F01BC551FA00EBA00F /* applozicsample */ = {
			isa = PBXNativeTarget;
			buildConfigurationList = 6D6DF20B1BC551FA00EBA00F /* Build configuration list for PBXNativeTarget "applozicsample" */;
			buildPhases = (
				6D6DF1ED1BC551FA00EBA00F /* Sources */,
				6D6DF1EE1BC551FA00EBA00F /* Frameworks */,
				6D6DF1EF1BC551FA00EBA00F /* Resources */,
				6D46B6C21BCE4C8F0014A5D3 /* Embed Frameworks */,
			);
			buildRules = (
			);
			dependencies = (
			);
			name = applozicsample;
			productName = applozicdemo;
			productReference = 6D6DF1F11BC551FA00EBA00F /* applozicsample.app */;
			productType = "com.apple.product-type.application";
		};
/* End PBXNativeTarget section */

/* Begin PBXProject section */
		6D6DF1E91BC551FA00EBA00F /* Project object */ = {
			isa = PBXProject;
			attributes = {
				LastUpgradeCheck = 0700;
				ORGANIZATIONNAME = "applozic Inc";
				TargetAttributes = {
					6D6DF1F01BC551FA00EBA00F = {
						CreatedOnToolsVersion = 7.0;
						DevelopmentTeam = C25JNDCBM4;
						SystemCapabilities = {
							com.apple.HealthKit = {
								enabled = 0;
							};
							com.apple.Push = {
								enabled = 1;
							};
						};
					};
				};
			};
			buildConfigurationList = 6D6DF1EC1BC551FA00EBA00F /* Build configuration list for PBXProject "applozicsample" */;
			compatibilityVersion = "Xcode 3.2";
			developmentRegion = English;
			hasScannedForEncodings = 0;
			knownRegions = (
				en,
				Base,
			);
			mainGroup = 6D6DF1E81BC551FA00EBA00F;
			productRefGroup = 6D6DF1F21BC551FA00EBA00F /* Products */;
			projectDirPath = "";
			projectRoot = "";
			targets = (
				6D6DF1F01BC551FA00EBA00F /* applozicsample */,
			);
		};
/* End PBXProject section */

/* Begin PBXResourcesBuildPhase section */
		6D6DF1EF1BC551FA00EBA00F /* Resources */ = {
			isa = PBXResourcesBuildPhase;
			buildActionMask = 2147483647;
			files = (
				6DB445151C2C04D200C64524 /* Info.plist in Resources */,
				6D6DF2071BC551FA00EBA00F /* LaunchScreen.storyboard in Resources */,
				6D6DF2041BC551FA00EBA00F /* Assets.xcassets in Resources */,
				6D4F28CB1BC58F6C007E7B35 /* Main.storyboard in Resources */,
			);
			runOnlyForDeploymentPostprocessing = 0;
		};
/* End PBXResourcesBuildPhase section */

/* Begin PBXSourcesBuildPhase section */
		6D6DF1ED1BC551FA00EBA00F /* Sources */ = {
			isa = PBXSourcesBuildPhase;
			buildActionMask = 2147483647;
			files = (
				6D6DF2021BC551FA00EBA00F /* applozicdemo.xcdatamodeld in Sources */,
				6D6DF1FC1BC551FA00EBA00F /* ViewController.m in Sources */,
				6DB75B091C32CD9100077658 /* ALChatManager.m in Sources */,
				6D6DF1F91BC551FA00EBA00F /* AppDelegate.m in Sources */,
				6D4F28CF1BC6429F007E7B35 /* ApplozicLoginViewController.m in Sources */,
				6D6DF1F61BC551FA00EBA00F /* main.m in Sources */,
				2997194A1C94068E00A897E0 /* LaunchChatFromSimpleViewController.m in Sources */,
			);
			runOnlyForDeploymentPostprocessing = 0;
		};
/* End PBXSourcesBuildPhase section */

/* Begin PBXVariantGroup section */
		6D6DF2051BC551FA00EBA00F /* LaunchScreen.storyboard */ = {
			isa = PBXVariantGroup;
			children = (
				6D6DF2061BC551FA00EBA00F /* Base */,
			);
			name = LaunchScreen.storyboard;
			sourceTree = "<group>";
		};
/* End PBXVariantGroup section */

/* Begin XCBuildConfiguration section */
		6D6DF2091BC551FA00EBA00F /* Debug */ = {
			isa = XCBuildConfiguration;
			buildSettings = {
				ALWAYS_SEARCH_USER_PATHS = NO;
				CLANG_CXX_LANGUAGE_STANDARD = "gnu++0x";
				CLANG_CXX_LIBRARY = "libc++";
				CLANG_ENABLE_MODULES = YES;
				CLANG_ENABLE_OBJC_ARC = YES;
				CLANG_WARN_BOOL_CONVERSION = YES;
				CLANG_WARN_CONSTANT_CONVERSION = YES;
				CLANG_WARN_DIRECT_OBJC_ISA_USAGE = YES_ERROR;
				CLANG_WARN_EMPTY_BODY = YES;
				CLANG_WARN_ENUM_CONVERSION = YES;
				CLANG_WARN_INT_CONVERSION = YES;
				CLANG_WARN_OBJC_ROOT_CLASS = YES_ERROR;
				CLANG_WARN_UNREACHABLE_CODE = YES;
				CLANG_WARN__DUPLICATE_METHOD_MATCH = YES;
				"CODE_SIGN_IDENTITY[sdk=iphoneos*]" = "iPhone Developer";
				COPY_PHASE_STRIP = NO;
				DEBUG_INFORMATION_FORMAT = dwarf;
				ENABLE_STRICT_OBJC_MSGSEND = YES;
				ENABLE_TESTABILITY = YES;
				GCC_C_LANGUAGE_STANDARD = gnu99;
				GCC_DYNAMIC_NO_PIC = NO;
				GCC_NO_COMMON_BLOCKS = YES;
				GCC_OPTIMIZATION_LEVEL = 0;
				GCC_PREPROCESSOR_DEFINITIONS = (
					"DEBUG=1",
					"$(inherited)",
				);
				GCC_WARN_64_TO_32_BIT_CONVERSION = YES;
				GCC_WARN_ABOUT_RETURN_TYPE = YES_ERROR;
				GCC_WARN_UNDECLARED_SELECTOR = YES;
				GCC_WARN_UNINITIALIZED_AUTOS = YES_AGGRESSIVE;
				GCC_WARN_UNUSED_FUNCTION = YES;
				GCC_WARN_UNUSED_VARIABLE = YES;
				IPHONEOS_DEPLOYMENT_TARGET = 9.0;
				MTL_ENABLE_DEBUG_INFO = YES;
				ONLY_ACTIVE_ARCH = YES;
				SDKROOT = iphoneos;
				TARGETED_DEVICE_FAMILY = "1,2";
			};
			name = Debug;
		};
		6D6DF20A1BC551FA00EBA00F /* Release */ = {
			isa = XCBuildConfiguration;
			buildSettings = {
				ALWAYS_SEARCH_USER_PATHS = NO;
				CLANG_CXX_LANGUAGE_STANDARD = "gnu++0x";
				CLANG_CXX_LIBRARY = "libc++";
				CLANG_ENABLE_MODULES = YES;
				CLANG_ENABLE_OBJC_ARC = YES;
				CLANG_WARN_BOOL_CONVERSION = YES;
				CLANG_WARN_CONSTANT_CONVERSION = YES;
				CLANG_WARN_DIRECT_OBJC_ISA_USAGE = YES_ERROR;
				CLANG_WARN_EMPTY_BODY = YES;
				CLANG_WARN_ENUM_CONVERSION = YES;
				CLANG_WARN_INT_CONVERSION = YES;
				CLANG_WARN_OBJC_ROOT_CLASS = YES_ERROR;
				CLANG_WARN_UNREACHABLE_CODE = YES;
				CLANG_WARN__DUPLICATE_METHOD_MATCH = YES;
				"CODE_SIGN_IDENTITY[sdk=iphoneos*]" = "iPhone Developer";
				COPY_PHASE_STRIP = NO;
				DEBUG_INFORMATION_FORMAT = "dwarf-with-dsym";
				ENABLE_NS_ASSERTIONS = NO;
				ENABLE_STRICT_OBJC_MSGSEND = YES;
				GCC_C_LANGUAGE_STANDARD = gnu99;
				GCC_NO_COMMON_BLOCKS = YES;
				GCC_WARN_64_TO_32_BIT_CONVERSION = YES;
				GCC_WARN_ABOUT_RETURN_TYPE = YES_ERROR;
				GCC_WARN_UNDECLARED_SELECTOR = YES;
				GCC_WARN_UNINITIALIZED_AUTOS = YES_AGGRESSIVE;
				GCC_WARN_UNUSED_FUNCTION = YES;
				GCC_WARN_UNUSED_VARIABLE = YES;
				IPHONEOS_DEPLOYMENT_TARGET = 9.0;
				MTL_ENABLE_DEBUG_INFO = NO;
				SDKROOT = iphoneos;
				TARGETED_DEVICE_FAMILY = "1,2";
				VALIDATE_PRODUCT = YES;
			};
			name = Release;
		};
		6D6DF20C1BC551FA00EBA00F /* Debug */ = {
			isa = XCBuildConfiguration;
			buildSettings = {
				ALWAYS_SEARCH_USER_PATHS = YES;
				ASSETCATALOG_COMPILER_APPICON_NAME = AppIcon;
				CODE_SIGN_IDENTITY = "iPhone Developer";
				"CODE_SIGN_IDENTITY[sdk=iphoneos*]" = "iPhone Developer";
				ENABLE_BITCODE = NO;
				FRAMEWORK_SEARCH_PATHS = (
					/Users/devashish/framework/applozicdemo,
					"$(PROJECT_DIR)",
				);
				INFOPLIST_FILE = info.plist;
				IPHONEOS_DEPLOYMENT_TARGET = 8.0;
				LD_RUNPATH_SEARCH_PATHS = "$(inherited) @executable_path/Frameworks";
				ONLY_ACTIVE_ARCH = YES;
				PRODUCT_BUNDLE_IDENTIFIER = com.applozic.customer.demo;
				PRODUCT_NAME = applozicsample;
				PROVISIONING_PROFILE = "";
				TARGETED_DEVICE_FAMILY = "1,2";
				VALID_ARCHS = "arm64 armv7 armv7s";
			};
			name = Debug;
		};
		6D6DF20D1BC551FA00EBA00F /* Release */ = {
			isa = XCBuildConfiguration;
			buildSettings = {
				ALWAYS_SEARCH_USER_PATHS = YES;
				ASSETCATALOG_COMPILER_APPICON_NAME = AppIcon;
				CODE_SIGN_IDENTITY = "iPhone Developer";
				"CODE_SIGN_IDENTITY[sdk=*]" = "iPhone Distribution: Adarsh Kumar (C25JNDCBM4)";
				"CODE_SIGN_IDENTITY[sdk=iphoneos*]" = "iPhone Developer";
				ENABLE_BITCODE = NO;
				FRAMEWORK_SEARCH_PATHS = (
					/Users/devashish/framework/applozicdemo,
					"$(PROJECT_DIR)",
				);
				INFOPLIST_FILE = info.plist;
				IPHONEOS_DEPLOYMENT_TARGET = 8.0;
				LD_RUNPATH_SEARCH_PATHS = "$(inherited) @executable_path/Frameworks";
				ONLY_ACTIVE_ARCH = YES;
				PRODUCT_BUNDLE_IDENTIFIER = com.applozic.customer.demo;
				PRODUCT_NAME = applozicsample;
				PROVISIONING_PROFILE = "";
				TARGETED_DEVICE_FAMILY = "1,2";
			};
			name = Release;
		};
/* End XCBuildConfiguration section */

/* Begin XCConfigurationList section */
		6D6DF1EC1BC551FA00EBA00F /* Build configuration list for PBXProject "applozicsample" */ = {
			isa = XCConfigurationList;
			buildConfigurations = (
				6D6DF2091BC551FA00EBA00F /* Debug */,
				6D6DF20A1BC551FA00EBA00F /* Release */,
			);
			defaultConfigurationIsVisible = 0;
			defaultConfigurationName = Release;
		};
		6D6DF20B1BC551FA00EBA00F /* Build configuration list for PBXNativeTarget "applozicsample" */ = {
			isa = XCConfigurationList;
			buildConfigurations = (
				6D6DF20C1BC551FA00EBA00F /* Debug */,
				6D6DF20D1BC551FA00EBA00F /* Release */,
			);
			defaultConfigurationIsVisible = 0;
			defaultConfigurationName = Release;
		};
/* End XCConfigurationList section */

/* Begin XCVersionGroup section */
		6D6DF2001BC551FA00EBA00F /* applozicdemo.xcdatamodeld */ = {
			isa = XCVersionGroup;
			children = (
				6D6DF2011BC551FA00EBA00F /* applozicdemo.xcdatamodel */,
			);
			currentVersion = 6D6DF2011BC551FA00EBA00F /* applozicdemo.xcdatamodel */;
			path = applozicdemo.xcdatamodeld;
			sourceTree = "<group>";
			versionGroupType = wrapper.xcdatamodel;
		};
/* End XCVersionGroup section */
	};
	rootObject = 6D6DF1E91BC551FA00EBA00F /* Project object */;
}
